{
  "originHash" : "7ef866a660c7bb8e0797f3ac798e8a88610ba97a9c18dd6ef1b88f1fff9a4081",
  "pins" : [
    {
      "identity" : "apnutil",
      "kind" : "remoteSourceControl",
      "location" : "https://github.com/apnance/APNUtil",
      "state" : {
        "revision" : "ccd228cecaf27979cc36677c545344f5e97c55a5",
        "version" : "1.6.2"
      }
    },
    {
      "identity" : "consoleview",
      "kind" : "remoteSourceControl",
      "location" : "https://github.com/apnance/ConsoleView",
      "state" : {
        "revision" : "2fc2b4a64b7ee6e05f854b7093050196414c8e7b",
        "version" : "1.5.4"
      }
    }
  ],
  "version" : 3
}
