{
  "originHash" : "7ef866a660c7bb8e0797f3ac798e8a88610ba97a9c18dd6ef1b88f1fff9a4081",
  "pins" : [
    {
      "identity" : "apnutil",
      "kind" : "remoteSourceControl",
      "location" : "https://github.com/apnance/APNUtil",
      "state" : {
        "revision" : "e52507b17edef67fef8492b1b812c5bdf5973032",
        "version" : "1.7.4"
      }
    },
    {
      "identity" : "consoleview",
      "kind" : "remoteSourceControl",
      "location" : "https://github.com/apnance/ConsoleView",
      "state" : {
        "revision" : "91f438b4982de23943fe073ac6d4a5c97982ee8f",
        "version" : "1.6.21"
      }
    }
  ],
  "version" : 3
}
