{
  "pins" : [
    {
      "identity" : "apnutil",
      "kind" : "remoteSourceControl",
      "location" : "https://github.com/apnance/APNUtil",
      "state" : {
        "revision" : "f391f37be225df232a2720f85df19b8eea0de60f",
        "version" : "1.4.5"
      }
    },
    {
      "identity" : "consoleview",
      "kind" : "remoteSourceControl",
      "location" : "https://github.com/apnance/ConsoleView",
      "state" : {
        "revision" : "c76eac09e274dbde78c93cae94d976191fee52f0",
        "version" : "1.3.3"
      }
    }
  ],
  "version" : 2
}
